
Microsoft Visual Studio Solution File, Format Version 12.00
# Visual Studio Version 17
VisualStudioVersion = 17.7.34202.233
MinimumVisualStudioVersion = 10.0.40219.1
Project("{8BC9CEB8-8B4A-11D0-8D11-00A0C91BC942}") = "Project1", "Project1.vcxproj", "{7202E888-5A7E-423D-AE62-D0BBB54D5BCF}"
EndProject
Global
	GlobalSection(SolutionConfigurationPlatforms) = preSolution
		Debug|x64 = Debug|x64
		Debug|x86 = Debug|x86
		Release|x64 = Release|x64
		Release|x86 = Release|x86
	EndGlobalSection
	GlobalSection(ProjectConfigurationPlatforms) = postSolution
		{7202E888-5A7E-423D-AE62-D0BBB54D5BCF}.Debug|x64.ActiveCfg = Debug|x64
		{7202E888-5A7E-423D-AE62-D0BBB54D5BCF}.Debug|x64.Build.0 = Debug|x64
		{7202E888-5A7E-423D-AE62-D0BBB54D5BCF}.Debug|x86.ActiveCfg = Debug|Win32
		{7202E888-5A7E-423D-AE62-D0BBB54D5BCF}.Debug|x86.Build.0 = Debug|Win32
		{7202E888-5A7E-423D-AE62-D0BBB54D5BCF}.Release|x64.ActiveCfg = Release|x64
		{7202E888-5A7E-423D-AE62-D0BBB54D5BCF}.Release|x64.Build.0 = Release|x64
		{7202E888-5A7E-423D-AE62-D0BBB54D5BCF}.Release|x86.ActiveCfg = Release|Win32
		{7202E888-5A7E-423D-AE62-D0BBB54D5BCF}.Release|x86.Build.0 = Release|Win32
	EndGlobalSection
	GlobalSection(SolutionProperties) = preSolution
		HideSolutionNode = FALSE
	EndGlobalSection
	GlobalSection(ExtensibilityGlobals) = postSolution
		SolutionGuid = {E4B309B5-D69D-4B17-AF47-EE1F68F4D2F8}
	EndGlobalSection
EndGlobal
